
Microsoft Visual Studio Solution File, Format Version 12.00
# Visual Studio Version 16
VisualStudioVersion = 16.0.30907.101
MinimumVisualStudioVersion = 10.0.40219.1
Project("{888888A0-9F3D-457C-B088-3A5042F75D52}") = "gasMoney", "gasMoney\gasMoney.pyproj", "{00F26B90-03C1-474A-9DA6-957D8205D98D}"
EndProject
Global
	GlobalSection(SolutionConfigurationPlatforms) = preSolution
		Debug|Any CPU = Debug|Any CPU
		Release|Any CPU = Release|Any CPU
	EndGlobalSection
	GlobalSection(ProjectConfigurationPlatforms) = postSolution
		{00F26B90-03C1-474A-9DA6-957D8205D98D}.Debug|Any CPU.ActiveCfg = Debug|Any CPU
		{00F26B90-03C1-474A-9DA6-957D8205D98D}.Release|Any CPU.ActiveCfg = Release|Any CPU
	EndGlobalSection
	GlobalSection(SolutionProperties) = preSolution
		HideSolutionNode = FALSE
	EndGlobalSection
	GlobalSection(ExtensibilityGlobals) = postSolution
		SolutionGuid = {160217CF-A2A4-4A37-9B8B-434A92E0C51C}
	EndGlobalSection
EndGlobal
