
Microsoft Visual Studio Solution File, Format Version 12.00
# Visual Studio Version 16
VisualStudioVersion = 16.0.30907.101
MinimumVisualStudioVersion = 10.0.40219.1
Project("{888888A0-9F3D-457C-B088-3A5042F75D52}") = "loopThroughList", "loopThroughList\loopThroughList.pyproj", "{8B5F9E39-CE45-4F82-975A-D4B2A123B9EF}"
EndProject
Global
	GlobalSection(SolutionConfigurationPlatforms) = preSolution
		Debug|Any CPU = Debug|Any CPU
		Release|Any CPU = Release|Any CPU
	EndGlobalSection
	GlobalSection(ProjectConfigurationPlatforms) = postSolution
		{8B5F9E39-CE45-4F82-975A-D4B2A123B9EF}.Debug|Any CPU.ActiveCfg = Debug|Any CPU
		{8B5F9E39-CE45-4F82-975A-D4B2A123B9EF}.Release|Any CPU.ActiveCfg = Release|Any CPU
	EndGlobalSection
	GlobalSection(SolutionProperties) = preSolution
		HideSolutionNode = FALSE
	EndGlobalSection
	GlobalSection(ExtensibilityGlobals) = postSolution
		SolutionGuid = {9FF767AE-55C5-4CA8-96F7-D378A9FA81F8}
	EndGlobalSection
EndGlobal
