
Microsoft Visual Studio Solution File, Format Version 12.00
# Visual Studio Version 16
VisualStudioVersion = 16.0.30907.101
MinimumVisualStudioVersion = 10.0.40219.1
Project("{888888A0-9F3D-457C-B088-3A5042F75D52}") = "gradeCalc", "gradeCalc\gradeCalc.pyproj", "{120AEC3D-6757-4B39-8002-7FAF98C88A82}"
EndProject
Global
	GlobalSection(SolutionConfigurationPlatforms) = preSolution
		Debug|Any CPU = Debug|Any CPU
		Release|Any CPU = Release|Any CPU
	EndGlobalSection
	GlobalSection(ProjectConfigurationPlatforms) = postSolution
		{120AEC3D-6757-4B39-8002-7FAF98C88A82}.Debug|Any CPU.ActiveCfg = Debug|Any CPU
		{120AEC3D-6757-4B39-8002-7FAF98C88A82}.Release|Any CPU.ActiveCfg = Release|Any CPU
	EndGlobalSection
	GlobalSection(SolutionProperties) = preSolution
		HideSolutionNode = FALSE
	EndGlobalSection
	GlobalSection(ExtensibilityGlobals) = postSolution
		SolutionGuid = {95D9DA6A-EFC3-48A7-8C31-C6E9FDD5B513}
	EndGlobalSection
EndGlobal
